
Microsoft Visual Studio Solution File, Format Version 12.00
# Visual Studio 14
VisualStudioVersion = 14.0.24720.0
MinimumVisualStudioVersion = 10.0.40219.1
Project("{FAE04EC0-301F-11D3-BF4B-00C04F79EFBC}") = "PdfEditor", "PdfEditor\PdfEditor.csproj", "{30DEFAAC-8D1A-4874-AEE9-9C5C0DA4809D}"
EndProject
Project("{FAE04EC0-301F-11D3-BF4B-00C04F79EFBC}") = "PdfRecognition", "PdfRecognition\PdfRecognition.csproj", "{FFF2AFCA-B8BF-4D71-96BF-768CD9592F2D}"
EndProject
Global
	GlobalSection(SolutionConfigurationPlatforms) = preSolution
		Debug|Any CPU = Debug|Any CPU
		Release|Any CPU = Release|Any CPU
	EndGlobalSection
	GlobalSection(ProjectConfigurationPlatforms) = postSolution
		{30DEFAAC-8D1A-4874-AEE9-9C5C0DA4809D}.Debug|Any CPU.ActiveCfg = Debug|Any CPU
		{30DEFAAC-8D1A-4874-AEE9-9C5C0DA4809D}.Debug|Any CPU.Build.0 = Debug|Any CPU
		{30DEFAAC-8D1A-4874-AEE9-9C5C0DA4809D}.Release|Any CPU.ActiveCfg = Release|Any CPU
		{30DEFAAC-8D1A-4874-AEE9-9C5C0DA4809D}.Release|Any CPU.Build.0 = Release|Any CPU
		{FFF2AFCA-B8BF-4D71-96BF-768CD9592F2D}.Debug|Any CPU.ActiveCfg = Debug|Any CPU
		{FFF2AFCA-B8BF-4D71-96BF-768CD9592F2D}.Debug|Any CPU.Build.0 = Debug|Any CPU
		{FFF2AFCA-B8BF-4D71-96BF-768CD9592F2D}.Release|Any CPU.ActiveCfg = Release|Any CPU
		{FFF2AFCA-B8BF-4D71-96BF-768CD9592F2D}.Release|Any CPU.Build.0 = Release|Any CPU
	EndGlobalSection
	GlobalSection(SolutionProperties) = preSolution
		HideSolutionNode = FALSE
	EndGlobalSection
EndGlobal
