
Microsoft Visual Studio Solution File, Format Version 12.00
# Visual Studio 14
VisualStudioVersion = 14.0.24720.0
MinimumVisualStudioVersion = 10.0.40219.1
Project("{FAE04EC0-301F-11D3-BF4B-00C04F79EFBC}") = "MathHelper", "MathHelper\MathHelper.csproj", "{DB9E2779-CE8C-406B-A1E6-71152B284852}"
EndProject
Project("{FAE04EC0-301F-11D3-BF4B-00C04F79EFBC}") = "TMD", "TMD\TMD.csproj", "{19B6A4E6-5EEC-45A9-A0AD-6E1BA279A2BF}"
EndProject
Project("{FAE04EC0-301F-11D3-BF4B-00C04F79EFBC}") = "SA", "SA\SA.csproj", "{0113F0CE-D620-4B41-9327-07E3CBCA29F4}"
EndProject
Global
	GlobalSection(SolutionConfigurationPlatforms) = preSolution
		Debug|Any CPU = Debug|Any CPU
		Release|Any CPU = Release|Any CPU
	EndGlobalSection
	GlobalSection(ProjectConfigurationPlatforms) = postSolution
		{DB9E2779-CE8C-406B-A1E6-71152B284852}.Debug|Any CPU.ActiveCfg = Debug|Any CPU
		{DB9E2779-CE8C-406B-A1E6-71152B284852}.Debug|Any CPU.Build.0 = Debug|Any CPU
		{DB9E2779-CE8C-406B-A1E6-71152B284852}.Release|Any CPU.ActiveCfg = Release|Any CPU
		{DB9E2779-CE8C-406B-A1E6-71152B284852}.Release|Any CPU.Build.0 = Release|Any CPU
		{19B6A4E6-5EEC-45A9-A0AD-6E1BA279A2BF}.Debug|Any CPU.ActiveCfg = Debug|Any CPU
		{19B6A4E6-5EEC-45A9-A0AD-6E1BA279A2BF}.Debug|Any CPU.Build.0 = Debug|Any CPU
		{19B6A4E6-5EEC-45A9-A0AD-6E1BA279A2BF}.Release|Any CPU.ActiveCfg = Release|Any CPU
		{19B6A4E6-5EEC-45A9-A0AD-6E1BA279A2BF}.Release|Any CPU.Build.0 = Release|Any CPU
		{0113F0CE-D620-4B41-9327-07E3CBCA29F4}.Debug|Any CPU.ActiveCfg = Debug|Any CPU
		{0113F0CE-D620-4B41-9327-07E3CBCA29F4}.Debug|Any CPU.Build.0 = Debug|Any CPU
		{0113F0CE-D620-4B41-9327-07E3CBCA29F4}.Release|Any CPU.ActiveCfg = Release|Any CPU
		{0113F0CE-D620-4B41-9327-07E3CBCA29F4}.Release|Any CPU.Build.0 = Release|Any CPU
	EndGlobalSection
	GlobalSection(SolutionProperties) = preSolution
		HideSolutionNode = FALSE
	EndGlobalSection
EndGlobal
