
Microsoft Visual Studio Solution File, Format Version 12.00
# Visual Studio Version 16
VisualStudioVersion = 16.0.32901.82
MinimumVisualStudioVersion = 10.0.40219.1
Project("{FAE04EC0-301F-11D3-BF4B-00C04F79EFBC}") = "NumberConversionWithBase", "NumberConversionWithBase\NumberConversionWithBase.csproj", "{45A2D489-3CE4-4D24-899A-F75738AC1676}"
EndProject
Global
	GlobalSection(SolutionConfigurationPlatforms) = preSolution
		Debug|Any CPU = Debug|Any CPU
		Release|Any CPU = Release|Any CPU
	EndGlobalSection
	GlobalSection(ProjectConfigurationPlatforms) = postSolution
		{45A2D489-3CE4-4D24-899A-F75738AC1676}.Debug|Any CPU.ActiveCfg = Debug|Any CPU
		{45A2D489-3CE4-4D24-899A-F75738AC1676}.Debug|Any CPU.Build.0 = Debug|Any CPU
		{45A2D489-3CE4-4D24-899A-F75738AC1676}.Release|Any CPU.ActiveCfg = Release|Any CPU
		{45A2D489-3CE4-4D24-899A-F75738AC1676}.Release|Any CPU.Build.0 = Release|Any CPU
	EndGlobalSection
	GlobalSection(SolutionProperties) = preSolution
		HideSolutionNode = FALSE
	EndGlobalSection
	GlobalSection(ExtensibilityGlobals) = postSolution
		SolutionGuid = {617BDEB1-0A12-44ED-9876-6C319BB69858}
	EndGlobalSection
EndGlobal
