
Microsoft Visual Studio Solution File, Format Version 12.00
# Visual Studio Version 16
VisualStudioVersion = 16.0.31605.320
MinimumVisualStudioVersion = 10.0.40219.1
Project("{9A19103F-16F7-4668-BE54-9A1E7A4F7556}") = "ImageLabelling", "ImageLabelling\ImageLabelling.csproj", "{D5EB8EB5-E77C-4B83-80D4-760B5CC62F38}"
EndProject
Project("{9A19103F-16F7-4668-BE54-9A1E7A4F7556}") = "ImageMapGame", "ImageMapGame\ImageMapGame.csproj", "{8DB06074-DE95-4E5A-8436-4672555B1E3D}"
EndProject
Project("{9A19103F-16F7-4668-BE54-9A1E7A4F7556}") = "ImageMapModel", "ImageMapModel\ImageMapModel.csproj", "{B48BCEBF-CD8B-4DAA-AFAA-E7C43D42A9B7}"
EndProject
Project("{FAE04EC0-301F-11D3-BF4B-00C04F79EFBC}") = "ImageMapsGame", "ImageMapsGame\ImageMapsGame.csproj", "{2BD2581F-BF7D-4246-AA77-DEDD816049CA}"
EndProject
Global
	GlobalSection(SolutionConfigurationPlatforms) = preSolution
		Debug|Any CPU = Debug|Any CPU
		Release|Any CPU = Release|Any CPU
	EndGlobalSection
	GlobalSection(ProjectConfigurationPlatforms) = postSolution
		{D5EB8EB5-E77C-4B83-80D4-760B5CC62F38}.Debug|Any CPU.ActiveCfg = Debug|Any CPU
		{D5EB8EB5-E77C-4B83-80D4-760B5CC62F38}.Debug|Any CPU.Build.0 = Debug|Any CPU
		{D5EB8EB5-E77C-4B83-80D4-760B5CC62F38}.Release|Any CPU.ActiveCfg = Release|Any CPU
		{D5EB8EB5-E77C-4B83-80D4-760B5CC62F38}.Release|Any CPU.Build.0 = Release|Any CPU
		{8DB06074-DE95-4E5A-8436-4672555B1E3D}.Debug|Any CPU.ActiveCfg = Debug|Any CPU
		{8DB06074-DE95-4E5A-8436-4672555B1E3D}.Debug|Any CPU.Build.0 = Debug|Any CPU
		{8DB06074-DE95-4E5A-8436-4672555B1E3D}.Release|Any CPU.ActiveCfg = Release|Any CPU
		{8DB06074-DE95-4E5A-8436-4672555B1E3D}.Release|Any CPU.Build.0 = Release|Any CPU
		{B48BCEBF-CD8B-4DAA-AFAA-E7C43D42A9B7}.Debug|Any CPU.ActiveCfg = Debug|Any CPU
		{B48BCEBF-CD8B-4DAA-AFAA-E7C43D42A9B7}.Debug|Any CPU.Build.0 = Debug|Any CPU
		{B48BCEBF-CD8B-4DAA-AFAA-E7C43D42A9B7}.Release|Any CPU.ActiveCfg = Release|Any CPU
		{B48BCEBF-CD8B-4DAA-AFAA-E7C43D42A9B7}.Release|Any CPU.Build.0 = Release|Any CPU
		{2BD2581F-BF7D-4246-AA77-DEDD816049CA}.Debug|Any CPU.ActiveCfg = Debug|Any CPU
		{2BD2581F-BF7D-4246-AA77-DEDD816049CA}.Debug|Any CPU.Build.0 = Debug|Any CPU
		{2BD2581F-BF7D-4246-AA77-DEDD816049CA}.Release|Any CPU.ActiveCfg = Release|Any CPU
		{2BD2581F-BF7D-4246-AA77-DEDD816049CA}.Release|Any CPU.Build.0 = Release|Any CPU
	EndGlobalSection
	GlobalSection(SolutionProperties) = preSolution
		HideSolutionNode = FALSE
	EndGlobalSection
	GlobalSection(ExtensibilityGlobals) = postSolution
		SolutionGuid = {8380986B-8E61-4E33-AEF5-EA10843212C1}
	EndGlobalSection
EndGlobal
