
Microsoft Visual Studio Solution File, Format Version 12.00
# Visual Studio Version 16
VisualStudioVersion = 16.0.31605.320
MinimumVisualStudioVersion = 10.0.40219.1
Project("{FAE04EC0-301F-11D3-BF4B-00C04F79EFBC}") = "ImageLabelling", "ImageLabelling\ImageLabelling.csproj", "{D5EB8EB5-E77C-4B83-80D4-760B5CC62F38}"
EndProject
Global
	GlobalSection(SolutionConfigurationPlatforms) = preSolution
		Debug|Any CPU = Debug|Any CPU
		Release|Any CPU = Release|Any CPU
	EndGlobalSection
	GlobalSection(ProjectConfigurationPlatforms) = postSolution
		{D5EB8EB5-E77C-4B83-80D4-760B5CC62F38}.Debug|Any CPU.ActiveCfg = Debug|Any CPU
		{D5EB8EB5-E77C-4B83-80D4-760B5CC62F38}.Debug|Any CPU.Build.0 = Debug|Any CPU
		{D5EB8EB5-E77C-4B83-80D4-760B5CC62F38}.Release|Any CPU.ActiveCfg = Release|Any CPU
		{D5EB8EB5-E77C-4B83-80D4-760B5CC62F38}.Release|Any CPU.Build.0 = Release|Any CPU
	EndGlobalSection
	GlobalSection(SolutionProperties) = preSolution
		HideSolutionNode = FALSE
	EndGlobalSection
	GlobalSection(ExtensibilityGlobals) = postSolution
		SolutionGuid = {8380986B-8E61-4E33-AEF5-EA10843212C1}
	EndGlobalSection
EndGlobal
